
Microsoft Visual Studio Solution File, Format Version 12.00
# Visual Studio Version 17
VisualStudioVersion = 17.14.36705.20
MinimumVisualStudioVersion = 10.0.40219.1
Project("{FAE04EC0-301F-11D3-BF4B-00C04F79EFBC}") = "MavLinkSharp", "MavLinkSharp\MavLinkSharp.csproj", "{EC3B95F1-B8C1-91E3-2400-23304F581CF6}"
EndProject
Project("{FAE04EC0-301F-11D3-BF4B-00C04F79EFBC}") = "MavLinkTx", "MavLinkTx\MavLinkTx.csproj", "{33D06E6D-B093-83AC-FC52-4E416101574E}"
EndProject
Project("{FAE04EC0-301F-11D3-BF4B-00C04F79EFBC}") = "MavLinkRx", "MavLinkRx\MavLinkRx.csproj", "{B03DC502-BFC1-4063-9832-D15F9C08B010}"
EndProject
Project("{FAE04EC0-301F-11D3-BF4B-00C04F79EFBC}") = "MavLinkSharp.Tests", "MavLinkSharp.Tests\MavLinkSharp.Tests.csproj", "{C6BB0081-1C5D-4727-B01D-B7813DAED6D0}"
EndProject
Global
	GlobalSection(SolutionConfigurationPlatforms) = preSolution
		Debug|Any CPU = Debug|Any CPU
		Debug|x64 = Debug|x64
		Debug|x86 = Debug|x86
		Release|Any CPU = Release|Any CPU
		Release|x64 = Release|x64
		Release|x86 = Release|x86
	EndGlobalSection
	GlobalSection(ProjectConfigurationPlatforms) = postSolution
		{EC3B95F1-B8C1-91E3-2400-23304F581CF6}.Debug|Any CPU.ActiveCfg = Debug|Any CPU
		{EC3B95F1-B8C1-91E3-2400-23304F581CF6}.Debug|Any CPU.Build.0 = Debug|Any CPU
		{EC3B95F1-B8C1-91E3-2400-23304F581CF6}.Debug|x64.ActiveCfg = Debug|Any CPU
		{EC3B95F1-B8C1-91E3-2400-23304F581CF6}.Debug|x64.Build.0 = Debug|Any CPU
		{EC3B95F1-B8C1-91E3-2400-23304F581CF6}.Debug|x86.ActiveCfg = Debug|Any CPU
		{EC3B95F1-B8C1-91E3-2400-23304F581CF6}.Debug|x86.Build.0 = Debug|Any CPU
		{EC3B95F1-B8C1-91E3-2400-23304F581CF6}.Release|Any CPU.ActiveCfg = Release|Any CPU
		{EC3B95F1-B8C1-91E3-2400-23304F581CF6}.Release|Any CPU.Build.0 = Release|Any CPU
		{EC3B95F1-B8C1-91E3-2400-23304F581CF6}.Release|x64.ActiveCfg = Release|Any CPU
		{EC3B95F1-B8C1-91E3-2400-23304F581CF6}.Release|x64.Build.0 = Release|Any CPU
		{EC3B95F1-B8C1-91E3-2400-23304F581CF6}.Release|x86.ActiveCfg = Release|Any CPU
		{EC3B95F1-B8C1-91E3-2400-23304F581CF6}.Release|x86.Build.0 = Release|Any CPU
		{33D06E6D-B093-83AC-FC52-4E416101574E}.Debug|Any CPU.ActiveCfg = Debug|Any CPU
		{33D06E6D-B093-83AC-FC52-4E416101574E}.Debug|Any CPU.Build.0 = Debug|Any CPU
		{33D06E6D-B093-83AC-FC52-4E416101574E}.Debug|x64.ActiveCfg = Debug|Any CPU
		{33D06E6D-B093-83AC-FC52-4E416101574E}.Debug|x64.Build.0 = Debug|Any CPU
		{33D06E6D-B093-83AC-FC52-4E416101574E}.Debug|x86.ActiveCfg = Debug|Any CPU
		{33D06E6D-B093-83AC-FC52-4E416101574E}.Debug|x86.Build.0 = Debug|Any CPU
		{33D06E6D-B093-83AC-FC52-4E416101574E}.Release|Any CPU.ActiveCfg = Release|Any CPU
		{33D06E6D-B093-83AC-FC52-4E416101574E}.Release|Any CPU.Build.0 = Release|Any CPU
		{33D06E6D-B093-83AC-FC52-4E416101574E}.Release|x64.ActiveCfg = Release|Any CPU
		{33D06E6D-B093-83AC-FC52-4E416101574E}.Release|x64.Build.0 = Release|Any CPU
		{33D06E6D-B093-83AC-FC52-4E416101574E}.Release|x86.ActiveCfg = Release|Any CPU
		{33D06E6D-B093-83AC-FC52-4E416101574E}.Release|x86.Build.0 = Release|Any CPU
		{B03DC502-BFC1-4063-9832-D15F9C08B010}.Debug|Any CPU.ActiveCfg = Debug|Any CPU
		{B03DC502-BFC1-4063-9832-D15F9C08B010}.Debug|Any CPU.Build.0 = Debug|Any CPU
		{B03DC502-BFC1-4063-9832-D15F9C08B010}.Debug|x64.ActiveCfg = Debug|Any CPU
		{B03DC502-BFC1-4063-9832-D15F9C08B010}.Debug|x64.Build.0 = Debug|Any CPU
		{B03DC502-BFC1-4063-9832-D15F9C08B010}.Debug|x86.ActiveCfg = Debug|Any CPU
		{B03DC502-BFC1-4063-9832-D15F9C08B010}.Debug|x86.Build.0 = Debug|Any CPU
		{B03DC502-BFC1-4063-9832-D15F9C08B010}.Release|Any CPU.ActiveCfg = Release|Any CPU
		{B03DC502-BFC1-4063-9832-D15F9C08B010}.Release|Any CPU.Build.0 = Release|Any CPU
		{B03DC502-BFC1-4063-9832-D15F9C08B010}.Release|x64.ActiveCfg = Release|Any CPU
		{B03DC502-BFC1-4063-9832-D15F9C08B010}.Release|x64.Build.0 = Release|Any CPU
		{B03DC502-BFC1-4063-9832-D15F9C08B010}.Release|x86.ActiveCfg = Release|Any CPU
		{B03DC502-BFC1-4063-9832-D15F9C08B010}.Release|x86.Build.0 = Release|Any CPU
		{C6BB0081-1C5D-4727-B01D-B7813DAED6D0}.Debug|Any CPU.ActiveCfg = Debug|Any CPU
		{C6BB0081-1C5D-4727-B01D-B7813DAED6D0}.Debug|Any CPU.Build.0 = Debug|Any CPU
		{C6BB0081-1C5D-4727-B01D-B7813DAED6D0}.Debug|x64.ActiveCfg = Debug|Any CPU
		{C6BB0081-1C5D-4727-B01D-B7813DAED6D0}.Debug|x64.Build.0 = Debug|Any CPU
		{C6BB0081-1C5D-4727-B01D-B7813DAED6D0}.Debug|x86.ActiveCfg = Debug|Any CPU
		{C6BB0081-1C5D-4727-B01D-B7813DAED6D0}.Debug|x86.Build.0 = Debug|Any CPU
		{C6BB0081-1C5D-4727-B01D-B7813DAED6D0}.Release|Any CPU.ActiveCfg = Release|Any CPU
		{C6BB0081-1C5D-4727-B01D-B7813DAED6D0}.Release|Any CPU.Build.0 = Release|Any CPU
		{C6BB0081-1C5D-4727-B01D-B7813DAED6D0}.Release|x64.ActiveCfg = Release|Any CPU
		{C6BB0081-1C5D-4727-B01D-B7813DAED6D0}.Release|x64.Build.0 = Release|Any CPU
		{C6BB0081-1C5D-4727-B01D-B7813DAED6D0}.Release|x86.ActiveCfg = Release|Any CPU
		{C6BB0081-1C5D-4727-B01D-B7813DAED6D0}.Release|x86.Build.0 = Release|Any CPU
	EndGlobalSection
	GlobalSection(SolutionProperties) = preSolution
		HideSolutionNode = FALSE
	EndGlobalSection
	GlobalSection(ExtensibilityGlobals) = postSolution
		SolutionGuid = {4A266AB8-FD7A-4EE4-8119-6493171DFB3A}
	EndGlobalSection
EndGlobal
