<Solution>
  <Folder Name="/Solution Items/">
    <File Path="Directory.Build.props" />
    <File Path="LICENSE" />
    <File Path="README.md" />
  </Folder>
  <Project Path="MavLinkConsole/MavLinkConsole.csproj" />
  <Project Path="MavLinkSharp/MavLinkSharp.csproj" />
  <Project Path="MavLinkSharp.Benchmark/MavLinkSharp.Benchmark.csproj" />
  <Project Path="MavLinkSharp.Tests/MavLinkSharp.Tests.csproj" />
</Solution>
